# @generated - this file is auto-generated by `mise lock` https://mise.en.dev/dev-tools/mise-lock.html

[[tools."aqua:betterleaks/betterleaks"]]
version = "1.6.1"
backend = "aqua:betterleaks/betterleaks"

[tools."aqua:betterleaks/betterleaks"."platforms.linux-arm64"]
checksum = "sha256:bab9688ba968264ace67b608fc7a7d8f5e61218cde70029d32cbc894e3808fdf"
url = "https://github.com/betterleaks/betterleaks/releases/download/v1.6.1/betterleaks_1.6.1_linux_arm64.tar.gz"
url_api = "https://api.github.com/repos/betterleaks/betterleaks/releases/assets/462264875"
provenance = "cosign"

[tools."aqua:betterleaks/betterleaks"."platforms.linux-arm64-musl"]
checksum = "sha256:bab9688ba968264ace67b608fc7a7d8f5e61218cde70029d32cbc894e3808fdf"
url = "https://github.com/betterleaks/betterleaks/releases/download/v1.6.1/betterleaks_1.6.1_linux_arm64.tar.gz"
url_api = "https://api.github.com/repos/betterleaks/betterleaks/releases/assets/462264875"
provenance = "cosign"

[tools."aqua:betterleaks/betterleaks"."platforms.linux-x64"]
checksum = "sha256:fbefc700a0bd4522cc952dd2a8f259cdb80526d7e60114aca19bb2d6fdc80f81"
url = "https://github.com/betterleaks/betterleaks/releases/download/v1.6.1/betterleaks_1.6.1_linux_x64.tar.gz"
url_api = "https://api.github.com/repos/betterleaks/betterleaks/releases/assets/462264876"
provenance = "cosign"

[tools."aqua:betterleaks/betterleaks"."platforms.linux-x64-baseline"]
checksum = "sha256:fbefc700a0bd4522cc952dd2a8f259cdb80526d7e60114aca19bb2d6fdc80f81"
url = "https://github.com/betterleaks/betterleaks/releases/download/v1.6.1/betterleaks_1.6.1_linux_x64.tar.gz"
url_api = "https://api.github.com/repos/betterleaks/betterleaks/releases/assets/462264876"
provenance = "cosign"

[tools."aqua:betterleaks/betterleaks"."platforms.linux-x64-musl"]
checksum = "sha256:fbefc700a0bd4522cc952dd2a8f259cdb80526d7e60114aca19bb2d6fdc80f81"
url = "https://github.com/betterleaks/betterleaks/releases/download/v1.6.1/betterleaks_1.6.1_linux_x64.tar.gz"
url_api = "https://api.github.com/repos/betterleaks/betterleaks/releases/assets/462264876"
provenance = "cosign"

[tools."aqua:betterleaks/betterleaks"."platforms.linux-x64-musl-baseline"]
checksum = "sha256:fbefc700a0bd4522cc952dd2a8f259cdb80526d7e60114aca19bb2d6fdc80f81"
url = "https://github.com/betterleaks/betterleaks/releases/download/v1.6.1/betterleaks_1.6.1_linux_x64.tar.gz"
url_api = "https://api.github.com/repos/betterleaks/betterleaks/releases/assets/462264876"
provenance = "cosign"

[tools."aqua:betterleaks/betterleaks"."platforms.macos-arm64"]
checksum = "sha256:9996bfcc93fd2ae6976c7902e3b2177766ec1960c1e30a15398609d5177ef3f8"
url = "https://github.com/betterleaks/betterleaks/releases/download/v1.6.1/betterleaks_1.6.1_darwin_arm64.tar.gz"
url_api = "https://api.github.com/repos/betterleaks/betterleaks/releases/assets/462264879"
provenance = "cosign"

[tools."aqua:betterleaks/betterleaks"."platforms.macos-x64"]
checksum = "sha256:07ddb85c4b2c55da6b671a6af667c89d89c68c52aff8fd73a1118a92d373db8c"
url = "https://github.com/betterleaks/betterleaks/releases/download/v1.6.1/betterleaks_1.6.1_darwin_x64.tar.gz"
url_api = "https://api.github.com/repos/betterleaks/betterleaks/releases/assets/462264877"
provenance = "cosign"

[tools."aqua:betterleaks/betterleaks"."platforms.macos-x64-baseline"]
checksum = "sha256:07ddb85c4b2c55da6b671a6af667c89d89c68c52aff8fd73a1118a92d373db8c"
url = "https://github.com/betterleaks/betterleaks/releases/download/v1.6.1/betterleaks_1.6.1_darwin_x64.tar.gz"
url_api = "https://api.github.com/repos/betterleaks/betterleaks/releases/assets/462264877"
provenance = "cosign"

[tools."aqua:betterleaks/betterleaks"."platforms.windows-x64"]
checksum = "sha256:3ada08a8b19afab75b111e10f38682a64c0582824c9903ce868b09b0c3c2cf37"
url = "https://github.com/betterleaks/betterleaks/releases/download/v1.6.1/betterleaks_1.6.1_windows_x64.zip"
url_api = "https://api.github.com/repos/betterleaks/betterleaks/releases/assets/462264905"
provenance = "cosign"

[tools."aqua:betterleaks/betterleaks"."platforms.windows-x64-baseline"]
checksum = "sha256:3ada08a8b19afab75b111e10f38682a64c0582824c9903ce868b09b0c3c2cf37"
url = "https://github.com/betterleaks/betterleaks/releases/download/v1.6.1/betterleaks_1.6.1_windows_x64.zip"
url_api = "https://api.github.com/repos/betterleaks/betterleaks/releases/assets/462264905"
provenance = "cosign"

[[tools."aqua:nodejs/node"]]
version = "24.18.0"
backend = "aqua:nodejs/node"

[tools."aqua:nodejs/node"."platforms.linux-arm64"]
url = "https://nodejs.org/dist/v24.18.0/node-v24.18.0-linux-arm64.tar.gz"

[tools."aqua:nodejs/node"."platforms.linux-arm64-musl"]
url = "https://nodejs.org/dist/v24.18.0/node-v24.18.0-linux-arm64.tar.gz"

[tools."aqua:nodejs/node"."platforms.linux-x64"]
url = "https://nodejs.org/dist/v24.18.0/node-v24.18.0-linux-x64.tar.gz"

[tools."aqua:nodejs/node"."platforms.linux-x64-baseline"]
url = "https://nodejs.org/dist/v24.18.0/node-v24.18.0-linux-x64.tar.gz"

[tools."aqua:nodejs/node"."platforms.linux-x64-musl"]
url = "https://nodejs.org/dist/v24.18.0/node-v24.18.0-linux-x64.tar.gz"

[tools."aqua:nodejs/node"."platforms.linux-x64-musl-baseline"]
url = "https://nodejs.org/dist/v24.18.0/node-v24.18.0-linux-x64.tar.gz"

[tools."aqua:nodejs/node"."platforms.macos-arm64"]
url = "https://nodejs.org/dist/v24.18.0/node-v24.18.0-darwin-arm64.tar.gz"

[tools."aqua:nodejs/node"."platforms.macos-x64"]
url = "https://nodejs.org/dist/v24.18.0/node-v24.18.0-darwin-x64.tar.gz"

[tools."aqua:nodejs/node"."platforms.macos-x64-baseline"]
url = "https://nodejs.org/dist/v24.18.0/node-v24.18.0-darwin-x64.tar.gz"

[tools."aqua:nodejs/node"."platforms.windows-x64"]
url = "https://nodejs.org/dist/v24.18.0/node-v24.18.0-win-x64.zip"

[tools."aqua:nodejs/node"."platforms.windows-x64-baseline"]
url = "https://nodejs.org/dist/v24.18.0/node-v24.18.0-win-x64.zip"

[[tools."aqua:rhysd/actionlint"]]
version = "1.7.12"
backend = "aqua:rhysd/actionlint"

[tools."aqua:rhysd/actionlint"."platforms.linux-arm64"]
checksum = "sha256:325e971b6ba9bfa504672e29be93c24981eeb1c07576d730e9f7c8805afff0c6"
url = "https://github.com/rhysd/actionlint/releases/download/v1.7.12/actionlint_1.7.12_linux_arm64.tar.gz"
provenance = "github-attestations"

[tools."aqua:rhysd/actionlint"."platforms.linux-arm64-musl"]
checksum = "sha256:325e971b6ba9bfa504672e29be93c24981eeb1c07576d730e9f7c8805afff0c6"
url = "https://github.com/rhysd/actionlint/releases/download/v1.7.12/actionlint_1.7.12_linux_arm64.tar.gz"
provenance = "github-attestations"

[tools."aqua:rhysd/actionlint"."platforms.linux-x64"]
checksum = "sha256:8aca8db96f1b94770f1b0d72b6dddcb1ebb8123cb3712530b08cc387b349a3d8"
url = "https://github.com/rhysd/actionlint/releases/download/v1.7.12/actionlint_1.7.12_linux_amd64.tar.gz"
provenance = "github-attestations"

[tools."aqua:rhysd/actionlint"."platforms.linux-x64-baseline"]
checksum = "sha256:8aca8db96f1b94770f1b0d72b6dddcb1ebb8123cb3712530b08cc387b349a3d8"
url = "https://github.com/rhysd/actionlint/releases/download/v1.7.12/actionlint_1.7.12_linux_amd64.tar.gz"
provenance = "github-attestations"

[tools."aqua:rhysd/actionlint"."platforms.linux-x64-musl"]
checksum = "sha256:8aca8db96f1b94770f1b0d72b6dddcb1ebb8123cb3712530b08cc387b349a3d8"
url = "https://github.com/rhysd/actionlint/releases/download/v1.7.12/actionlint_1.7.12_linux_amd64.tar.gz"
provenance = "github-attestations"

[tools."aqua:rhysd/actionlint"."platforms.linux-x64-musl-baseline"]
checksum = "sha256:8aca8db96f1b94770f1b0d72b6dddcb1ebb8123cb3712530b08cc387b349a3d8"
url = "https://github.com/rhysd/actionlint/releases/download/v1.7.12/actionlint_1.7.12_linux_amd64.tar.gz"
provenance = "github-attestations"

[tools."aqua:rhysd/actionlint"."platforms.macos-arm64"]
checksum = "sha256:aba9ced2dee8d27fecca3dc7feb1a7f9a52caefa1eb46f3271ea66b6e0e6953f"
url = "https://github.com/rhysd/actionlint/releases/download/v1.7.12/actionlint_1.7.12_darwin_arm64.tar.gz"
provenance = "github-attestations"

[tools."aqua:rhysd/actionlint"."platforms.macos-x64"]
checksum = "sha256:5b44c3bc2255115c9b69e30efc0fecdf498fdb63c5d58e17084fd5f16324c644"
url = "https://github.com/rhysd/actionlint/releases/download/v1.7.12/actionlint_1.7.12_darwin_amd64.tar.gz"
provenance = "github-attestations"

[tools."aqua:rhysd/actionlint"."platforms.macos-x64-baseline"]
checksum = "sha256:5b44c3bc2255115c9b69e30efc0fecdf498fdb63c5d58e17084fd5f16324c644"
url = "https://github.com/rhysd/actionlint/releases/download/v1.7.12/actionlint_1.7.12_darwin_amd64.tar.gz"
provenance = "github-attestations"

[tools."aqua:rhysd/actionlint"."platforms.windows-x64"]
checksum = "sha256:6e7241b51e6817ea6a047693d8e6fed13b31819c9a0dd6c5a726e1592d22f6e9"
url = "https://github.com/rhysd/actionlint/releases/download/v1.7.12/actionlint_1.7.12_windows_amd64.zip"
provenance = "github-attestations"

[tools."aqua:rhysd/actionlint"."platforms.windows-x64-baseline"]
checksum = "sha256:6e7241b51e6817ea6a047693d8e6fed13b31819c9a0dd6c5a726e1592d22f6e9"
url = "https://github.com/rhysd/actionlint/releases/download/v1.7.12/actionlint_1.7.12_windows_amd64.zip"
provenance = "github-attestations"

[[tools."aqua:suzuki-shunsuke/ghalint"]]
version = "1.5.6"
backend = "aqua:suzuki-shunsuke/ghalint"

[tools."aqua:suzuki-shunsuke/ghalint"."platforms.linux-arm64"]
checksum = "sha256:203a22c70b40bb161626973ad2a8dd06aeb736699fc8e03dd425dee8ff3406e6"
url = "https://github.com/suzuki-shunsuke/ghalint/releases/download/v1.5.6/ghalint_1.5.6_linux_arm64.tar.gz"

[tools."aqua:suzuki-shunsuke/ghalint"."platforms.linux-arm64".provenance.slsa]
url = "https://github.com/suzuki-shunsuke/ghalint/releases/download/v1.5.6/multiple.intoto.jsonl"

[tools."aqua:suzuki-shunsuke/ghalint"."platforms.linux-arm64-musl"]
checksum = "sha256:203a22c70b40bb161626973ad2a8dd06aeb736699fc8e03dd425dee8ff3406e6"
url = "https://github.com/suzuki-shunsuke/ghalint/releases/download/v1.5.6/ghalint_1.5.6_linux_arm64.tar.gz"

[tools."aqua:suzuki-shunsuke/ghalint"."platforms.linux-arm64-musl".provenance.slsa]
url = "https://github.com/suzuki-shunsuke/ghalint/releases/download/v1.5.6/multiple.intoto.jsonl"

[tools."aqua:suzuki-shunsuke/ghalint"."platforms.linux-x64"]
checksum = "sha256:98ee0e3330de7286f470d1e89c03ff7ce70d7a5998ba0f15969c400447be579c"
url = "https://github.com/suzuki-shunsuke/ghalint/releases/download/v1.5.6/ghalint_1.5.6_linux_amd64.tar.gz"

[tools."aqua:suzuki-shunsuke/ghalint"."platforms.linux-x64".provenance.slsa]
url = "https://github.com/suzuki-shunsuke/ghalint/releases/download/v1.5.6/multiple.intoto.jsonl"

[tools."aqua:suzuki-shunsuke/ghalint"."platforms.linux-x64-baseline"]
checksum = "sha256:98ee0e3330de7286f470d1e89c03ff7ce70d7a5998ba0f15969c400447be579c"
url = "https://github.com/suzuki-shunsuke/ghalint/releases/download/v1.5.6/ghalint_1.5.6_linux_amd64.tar.gz"

[tools."aqua:suzuki-shunsuke/ghalint"."platforms.linux-x64-baseline".provenance.slsa]
url = "https://github.com/suzuki-shunsuke/ghalint/releases/download/v1.5.6/multiple.intoto.jsonl"

[tools."aqua:suzuki-shunsuke/ghalint"."platforms.linux-x64-musl"]
checksum = "sha256:98ee0e3330de7286f470d1e89c03ff7ce70d7a5998ba0f15969c400447be579c"
url = "https://github.com/suzuki-shunsuke/ghalint/releases/download/v1.5.6/ghalint_1.5.6_linux_amd64.tar.gz"

[tools."aqua:suzuki-shunsuke/ghalint"."platforms.linux-x64-musl".provenance.slsa]
url = "https://github.com/suzuki-shunsuke/ghalint/releases/download/v1.5.6/multiple.intoto.jsonl"

[tools."aqua:suzuki-shunsuke/ghalint"."platforms.linux-x64-musl-baseline"]
checksum = "sha256:98ee0e3330de7286f470d1e89c03ff7ce70d7a5998ba0f15969c400447be579c"
url = "https://github.com/suzuki-shunsuke/ghalint/releases/download/v1.5.6/ghalint_1.5.6_linux_amd64.tar.gz"

[tools."aqua:suzuki-shunsuke/ghalint"."platforms.linux-x64-musl-baseline".provenance.slsa]
url = "https://github.com/suzuki-shunsuke/ghalint/releases/download/v1.5.6/multiple.intoto.jsonl"

[tools."aqua:suzuki-shunsuke/ghalint"."platforms.macos-arm64"]
checksum = "sha256:1262cac411e27b4653e6b66b7b06580ebcc2026fdd903e12e6cb0e4591639de6"
url = "https://github.com/suzuki-shunsuke/ghalint/releases/download/v1.5.6/ghalint_1.5.6_darwin_arm64.tar.gz"

[tools."aqua:suzuki-shunsuke/ghalint"."platforms.macos-arm64".provenance.slsa]
url = "https://github.com/suzuki-shunsuke/ghalint/releases/download/v1.5.6/multiple.intoto.jsonl"

[tools."aqua:suzuki-shunsuke/ghalint"."platforms.macos-x64"]
checksum = "sha256:d2a0e8605333068065dcf4c9b7b7a24891eda1750ac01fb755dfba426a390883"
url = "https://github.com/suzuki-shunsuke/ghalint/releases/download/v1.5.6/ghalint_1.5.6_darwin_amd64.tar.gz"

[tools."aqua:suzuki-shunsuke/ghalint"."platforms.macos-x64".provenance.slsa]
url = "https://github.com/suzuki-shunsuke/ghalint/releases/download/v1.5.6/multiple.intoto.jsonl"

[tools."aqua:suzuki-shunsuke/ghalint"."platforms.macos-x64-baseline"]
checksum = "sha256:d2a0e8605333068065dcf4c9b7b7a24891eda1750ac01fb755dfba426a390883"
url = "https://github.com/suzuki-shunsuke/ghalint/releases/download/v1.5.6/ghalint_1.5.6_darwin_amd64.tar.gz"

[tools."aqua:suzuki-shunsuke/ghalint"."platforms.macos-x64-baseline".provenance.slsa]
url = "https://github.com/suzuki-shunsuke/ghalint/releases/download/v1.5.6/multiple.intoto.jsonl"

[tools."aqua:suzuki-shunsuke/ghalint"."platforms.windows-x64"]
checksum = "sha256:109ea9b39c8e263cef924bd3b4fe5505964204f934ca60d986f4090d01a99ba5"
url = "https://github.com/suzuki-shunsuke/ghalint/releases/download/v1.5.6/ghalint_1.5.6_windows_amd64.zip"

[tools."aqua:suzuki-shunsuke/ghalint"."platforms.windows-x64".provenance.slsa]
url = "https://github.com/suzuki-shunsuke/ghalint/releases/download/v1.5.6/multiple.intoto.jsonl"

[tools."aqua:suzuki-shunsuke/ghalint"."platforms.windows-x64-baseline"]
checksum = "sha256:109ea9b39c8e263cef924bd3b4fe5505964204f934ca60d986f4090d01a99ba5"
url = "https://github.com/suzuki-shunsuke/ghalint/releases/download/v1.5.6/ghalint_1.5.6_windows_amd64.zip"

[tools."aqua:suzuki-shunsuke/ghalint"."platforms.windows-x64-baseline".provenance.slsa]
url = "https://github.com/suzuki-shunsuke/ghalint/releases/download/v1.5.6/multiple.intoto.jsonl"

[[tools."aqua:trufflesecurity/trufflehog"]]
version = "3.95.9"
backend = "aqua:trufflesecurity/trufflehog"

[tools."aqua:trufflesecurity/trufflehog"."platforms.linux-arm64"]
checksum = "sha256:9d9c2ec4ea36a089a9c5aaafe1969d176013ddf9f44d68e8cd75291aed8c83ed"
url = "https://github.com/trufflesecurity/trufflehog/releases/download/v3.95.9/trufflehog_3.95.9_linux_arm64.tar.gz"
url_api = "https://api.github.com/repos/trufflesecurity/trufflehog/releases/assets/471858091"

[tools."aqua:trufflesecurity/trufflehog"."platforms.linux-arm64-musl"]
checksum = "sha256:9d9c2ec4ea36a089a9c5aaafe1969d176013ddf9f44d68e8cd75291aed8c83ed"
url = "https://github.com/trufflesecurity/trufflehog/releases/download/v3.95.9/trufflehog_3.95.9_linux_arm64.tar.gz"
url_api = "https://api.github.com/repos/trufflesecurity/trufflehog/releases/assets/471858091"

[tools."aqua:trufflesecurity/trufflehog"."platforms.linux-x64"]
checksum = "sha256:f6d1106b85107d79527ed7a5b98b592beadd8b770dc3c9e8c1ad99e1b2cf127e"
url = "https://github.com/trufflesecurity/trufflehog/releases/download/v3.95.9/trufflehog_3.95.9_linux_amd64.tar.gz"
url_api = "https://api.github.com/repos/trufflesecurity/trufflehog/releases/assets/471858094"

[tools."aqua:trufflesecurity/trufflehog"."platforms.linux-x64-baseline"]
checksum = "sha256:f6d1106b85107d79527ed7a5b98b592beadd8b770dc3c9e8c1ad99e1b2cf127e"
url = "https://github.com/trufflesecurity/trufflehog/releases/download/v3.95.9/trufflehog_3.95.9_linux_amd64.tar.gz"
url_api = "https://api.github.com/repos/trufflesecurity/trufflehog/releases/assets/471858094"

[tools."aqua:trufflesecurity/trufflehog"."platforms.linux-x64-musl"]
checksum = "sha256:f6d1106b85107d79527ed7a5b98b592beadd8b770dc3c9e8c1ad99e1b2cf127e"
url = "https://github.com/trufflesecurity/trufflehog/releases/download/v3.95.9/trufflehog_3.95.9_linux_amd64.tar.gz"
url_api = "https://api.github.com/repos/trufflesecurity/trufflehog/releases/assets/471858094"

[tools."aqua:trufflesecurity/trufflehog"."platforms.linux-x64-musl-baseline"]
checksum = "sha256:f6d1106b85107d79527ed7a5b98b592beadd8b770dc3c9e8c1ad99e1b2cf127e"
url = "https://github.com/trufflesecurity/trufflehog/releases/download/v3.95.9/trufflehog_3.95.9_linux_amd64.tar.gz"
url_api = "https://api.github.com/repos/trufflesecurity/trufflehog/releases/assets/471858094"

[tools."aqua:trufflesecurity/trufflehog"."platforms.macos-arm64"]
checksum = "sha256:944c6ea3a2993a9f808d08107b40e03ba92bc75972876a1ee47d567bfd6fa1b5"
url = "https://github.com/trufflesecurity/trufflehog/releases/download/v3.95.9/trufflehog_3.95.9_darwin_arm64.tar.gz"
url_api = "https://api.github.com/repos/trufflesecurity/trufflehog/releases/assets/471858093"

[tools."aqua:trufflesecurity/trufflehog"."platforms.macos-x64"]
checksum = "sha256:4306a58d25b85aad7b5fb6f5732df77c50a9161db2746b56e196649072218691"
url = "https://github.com/trufflesecurity/trufflehog/releases/download/v3.95.9/trufflehog_3.95.9_darwin_amd64.tar.gz"
url_api = "https://api.github.com/repos/trufflesecurity/trufflehog/releases/assets/471858107"

[tools."aqua:trufflesecurity/trufflehog"."platforms.macos-x64-baseline"]
checksum = "sha256:4306a58d25b85aad7b5fb6f5732df77c50a9161db2746b56e196649072218691"
url = "https://github.com/trufflesecurity/trufflehog/releases/download/v3.95.9/trufflehog_3.95.9_darwin_amd64.tar.gz"
url_api = "https://api.github.com/repos/trufflesecurity/trufflehog/releases/assets/471858107"

[tools."aqua:trufflesecurity/trufflehog"."platforms.windows-x64"]
checksum = "sha256:25cc731f678922c870edba49f19c324aa6c8e7190b551c4fbe49d0c4e1c5446a"
url = "https://github.com/trufflesecurity/trufflehog/releases/download/v3.95.9/trufflehog_3.95.9_windows_amd64.tar.gz"
url_api = "https://api.github.com/repos/trufflesecurity/trufflehog/releases/assets/471858105"

[tools."aqua:trufflesecurity/trufflehog"."platforms.windows-x64-baseline"]
checksum = "sha256:25cc731f678922c870edba49f19c324aa6c8e7190b551c4fbe49d0c4e1c5446a"
url = "https://github.com/trufflesecurity/trufflehog/releases/download/v3.95.9/trufflehog_3.95.9_windows_amd64.tar.gz"
url_api = "https://api.github.com/repos/trufflesecurity/trufflehog/releases/assets/471858105"

[[tools."aqua:zizmorcore/zizmor"]]
version = "1.27.0"
backend = "aqua:zizmorcore/zizmor"

[tools."aqua:zizmorcore/zizmor"."platforms.linux-arm64"]
checksum = "sha256:46fceee9a8262dca0e61f8463204e1f0f3a63bf6c20fa3ef9a5c1b3cff7b17b0"
url = "https://github.com/zizmorcore/zizmor/releases/download/v1.27.0/zizmor-aarch64-unknown-linux-gnu.tar.gz"
url_api = "https://api.github.com/repos/zizmorcore/zizmor/releases/assets/476453094"
provenance = "github-attestations"

[tools."aqua:zizmorcore/zizmor"."platforms.linux-arm64-musl"]
provenance = "github-attestations"

[tools."aqua:zizmorcore/zizmor"."platforms.linux-x64"]
checksum = "sha256:277f2bd8fd37cf60c42ab7afca6faa884e65440fa31e02b44bdaae60f62a358f"
url = "https://github.com/zizmorcore/zizmor/releases/download/v1.27.0/zizmor-x86_64-unknown-linux-gnu.tar.gz"
url_api = "https://api.github.com/repos/zizmorcore/zizmor/releases/assets/476453097"
provenance = "github-attestations"

[tools."aqua:zizmorcore/zizmor"."platforms.linux-x64-baseline"]
checksum = "sha256:277f2bd8fd37cf60c42ab7afca6faa884e65440fa31e02b44bdaae60f62a358f"
url = "https://github.com/zizmorcore/zizmor/releases/download/v1.27.0/zizmor-x86_64-unknown-linux-gnu.tar.gz"
url_api = "https://api.github.com/repos/zizmorcore/zizmor/releases/assets/476453097"
provenance = "github-attestations"

[tools."aqua:zizmorcore/zizmor"."platforms.linux-x64-musl"]
provenance = "github-attestations"

[tools."aqua:zizmorcore/zizmor"."platforms.linux-x64-musl-baseline"]
provenance = "github-attestations"

[tools."aqua:zizmorcore/zizmor"."platforms.macos-arm64"]
checksum = "sha256:81336423d1b280c5dd0cdd8644a1e5f3238ab3ceb8d6e4334dfd05dab95a8a86"
url = "https://github.com/zizmorcore/zizmor/releases/download/v1.27.0/zizmor-aarch64-apple-darwin.tar.gz"
url_api = "https://api.github.com/repos/zizmorcore/zizmor/releases/assets/476453095"
provenance = "github-attestations"

[tools."aqua:zizmorcore/zizmor"."platforms.macos-x64"]
checksum = "sha256:51cd82d1f6914cbb7f4402dbdc19bd989a7599078e5ddeaf837d1ab901c97328"
url = "https://github.com/zizmorcore/zizmor/releases/download/v1.27.0/zizmor-x86_64-apple-darwin.tar.gz"
url_api = "https://api.github.com/repos/zizmorcore/zizmor/releases/assets/476453098"
provenance = "github-attestations"

[tools."aqua:zizmorcore/zizmor"."platforms.macos-x64-baseline"]
checksum = "sha256:51cd82d1f6914cbb7f4402dbdc19bd989a7599078e5ddeaf837d1ab901c97328"
url = "https://github.com/zizmorcore/zizmor/releases/download/v1.27.0/zizmor-x86_64-apple-darwin.tar.gz"
url_api = "https://api.github.com/repos/zizmorcore/zizmor/releases/assets/476453098"
provenance = "github-attestations"

[tools."aqua:zizmorcore/zizmor"."platforms.windows-x64"]
checksum = "sha256:a8c5d02d638bacf9ae5779b08b0291455c67e7e835be56995f35483518dcd70a"
url = "https://github.com/zizmorcore/zizmor/releases/download/v1.27.0/zizmor-x86_64-pc-windows-msvc.zip"
url_api = "https://api.github.com/repos/zizmorcore/zizmor/releases/assets/476453096"
provenance = "github-attestations"

[tools."aqua:zizmorcore/zizmor"."platforms.windows-x64-baseline"]
checksum = "sha256:a8c5d02d638bacf9ae5779b08b0291455c67e7e835be56995f35483518dcd70a"
url = "https://github.com/zizmorcore/zizmor/releases/download/v1.27.0/zizmor-x86_64-pc-windows-msvc.zip"
url_api = "https://api.github.com/repos/zizmorcore/zizmor/releases/assets/476453096"
provenance = "github-attestations"

[[tools."npm:oxfmt"]]
version = "0.59.0"
backend = "npm:oxfmt"

[[tools."npm:oxlint"]]
version = "1.74.0"
backend = "npm:oxlint"
